
Microsoft Visual Studio Solution File, Format Version 12.00
# Visual Studio Version 17
VisualStudioVersion = 17.2.32630.192
MinimumVisualStudioVersion = 10.0.40219.1
Project("{FAE04EC0-301F-11D3-BF4B-00C04F79EFBC}") = "TimeTracker.Server", "TimeTracker.Server\TimeTracker.Server.csproj", "{4D3057F3-2251-49A9-9B43-9867C416DF8B}"
EndProject
Global
	GlobalSection(SolutionConfigurationPlatforms) = preSolution
		Debug|Any CPU = Debug|Any CPU
		Release|Any CPU = Release|Any CPU
	EndGlobalSection
	GlobalSection(ProjectConfigurationPlatforms) = postSolution
		{4D3057F3-2251-49A9-9B43-9867C416DF8B}.Debug|Any CPU.ActiveCfg = Debug|Any CPU
		{4D3057F3-2251-49A9-9B43-9867C416DF8B}.Debug|Any CPU.Build.0 = Debug|Any CPU
		{4D3057F3-2251-49A9-9B43-9867C416DF8B}.Release|Any CPU.ActiveCfg = Release|Any CPU
		{4D3057F3-2251-49A9-9B43-9867C416DF8B}.Release|Any CPU.Build.0 = Release|Any CPU
	EndGlobalSection
	GlobalSection(SolutionProperties) = preSolution
		HideSolutionNode = FALSE
	EndGlobalSection
	GlobalSection(ExtensibilityGlobals) = postSolution
		SolutionGuid = {DCD18A17-1038-4DD6-9652-FE4E8572E04B}
	EndGlobalSection
EndGlobal
